
Microsoft Visual Studio Solution File, Format Version 12.00
# Visual Studio Version 17
VisualStudioVersion = 17.5.33530.505
MinimumVisualStudioVersion = 10.0.40219.1
Project("{9A19103F-16F7-4668-BE54-9A1E7A4F7556}") = "Library.BL", "Library.BL\Library.BL.csproj", "{5082F342-7BF6-4CB6-8ECE-37C7464EF04F}"
EndProject
Project("{9A19103F-16F7-4668-BE54-9A1E7A4F7556}") = "Library.DAL", "Library.DAL\Library.DAL.csproj", "{ABD02CD7-98D1-4DCA-97DF-BED0470095C5}"
EndProject
Project("{FAE04EC0-301F-11D3-BF4B-00C04F79EFBC}") = "Library.MVC", "Library.MVC\Library.MVC.csproj", "{3E75BE42-3243-4841-87B7-97315D52D95B}"
EndProject
Global
	GlobalSection(SolutionConfigurationPlatforms) = preSolution
		Debug|Any CPU = Debug|Any CPU
		Release|Any CPU = Release|Any CPU
	EndGlobalSection
	GlobalSection(ProjectConfigurationPlatforms) = postSolution
		{5082F342-7BF6-4CB6-8ECE-37C7464EF04F}.Debug|Any CPU.ActiveCfg = Debug|Any CPU
		{5082F342-7BF6-4CB6-8ECE-37C7464EF04F}.Debug|Any CPU.Build.0 = Debug|Any CPU
		{5082F342-7BF6-4CB6-8ECE-37C7464EF04F}.Release|Any CPU.ActiveCfg = Release|Any CPU
		{5082F342-7BF6-4CB6-8ECE-37C7464EF04F}.Release|Any CPU.Build.0 = Release|Any CPU
		{ABD02CD7-98D1-4DCA-97DF-BED0470095C5}.Debug|Any CPU.ActiveCfg = Debug|Any CPU
		{ABD02CD7-98D1-4DCA-97DF-BED0470095C5}.Debug|Any CPU.Build.0 = Debug|Any CPU
		{ABD02CD7-98D1-4DCA-97DF-BED0470095C5}.Release|Any CPU.ActiveCfg = Release|Any CPU
		{ABD02CD7-98D1-4DCA-97DF-BED0470095C5}.Release|Any CPU.Build.0 = Release|Any CPU
		{3E75BE42-3243-4841-87B7-97315D52D95B}.Debug|Any CPU.ActiveCfg = Debug|Any CPU
		{3E75BE42-3243-4841-87B7-97315D52D95B}.Debug|Any CPU.Build.0 = Debug|Any CPU
		{3E75BE42-3243-4841-87B7-97315D52D95B}.Release|Any CPU.ActiveCfg = Release|Any CPU
		{3E75BE42-3243-4841-87B7-97315D52D95B}.Release|Any CPU.Build.0 = Release|Any CPU
	EndGlobalSection
	GlobalSection(SolutionProperties) = preSolution
		HideSolutionNode = FALSE
	EndGlobalSection
	GlobalSection(ExtensibilityGlobals) = postSolution
		SolutionGuid = {7A289787-86F0-48A7-BB51-5CC4C3498439}
	EndGlobalSection
EndGlobal
